
Microsoft Visual Studio Solution File, Format Version 12.00
# Visual Studio 15
VisualStudioVersion = 15.0.28307.168
MinimumVisualStudioVersion = 10.0.40219.1
Project("{FAE04EC0-301F-11D3-BF4B-00C04F79EFBC}") = "DbDeploy", "DbDeploy\DbDeploy.csproj", "{F20A403E-1D75-4848-B638-5165F82D4A91}"
EndProject
Global
	GlobalSection(SolutionConfigurationPlatforms) = preSolution
		Debug|Any CPU = Debug|Any CPU
		Release|Any CPU = Release|Any CPU
	EndGlobalSection
	GlobalSection(ProjectConfigurationPlatforms) = postSolution
		{F20A403E-1D75-4848-B638-5165F82D4A91}.Debug|Any CPU.ActiveCfg = Debug|Any CPU
		{F20A403E-1D75-4848-B638-5165F82D4A91}.Debug|Any CPU.Build.0 = Debug|Any CPU
		{F20A403E-1D75-4848-B638-5165F82D4A91}.Release|Any CPU.ActiveCfg = Release|Any CPU
		{F20A403E-1D75-4848-B638-5165F82D4A91}.Release|Any CPU.Build.0 = Release|Any CPU
	EndGlobalSection
	GlobalSection(SolutionProperties) = preSolution
		HideSolutionNode = FALSE
	EndGlobalSection
	GlobalSection(ExtensibilityGlobals) = postSolution
		SolutionGuid = {AD3C0D98-E1AE-427B-B0B7-7343099BC052}
	EndGlobalSection
EndGlobal
